
Microsoft Visual Studio Solution File, Format Version 12.00
# Visual Studio Version 17
VisualStudioVersion = 17.5.33627.172
MinimumVisualStudioVersion = 10.0.40219.1
Project("{9A19103F-16F7-4668-BE54-9A1E7A4F7556}") = "HookTesting", "HookTesting\HookTesting.csproj", "{EE8D7EB1-6342-40CF-A389-8821C2CBFDC9}"
EndProject
Project("{8BC9CEB8-8B4A-11D0-8D11-00A0C91BC942}") = "DummyWindow", "DummyWindow\DummyWindow.vcxproj", "{7F8E88B9-1FC2-4317-8E12-68171C99E45D}"
EndProject
Project("{9A19103F-16F7-4668-BE54-9A1E7A4F7556}") = "Injector", "Injector\Injector.csproj", "{090F1780-2996-40E5-8A78-2D1F746FB131}"
EndProject
Global
	GlobalSection(SolutionConfigurationPlatforms) = preSolution
		Debug|x64 = Debug|x64
		Release|x64 = Release|x64
	EndGlobalSection
	GlobalSection(ProjectConfigurationPlatforms) = postSolution
		{EE8D7EB1-6342-40CF-A389-8821C2CBFDC9}.Debug|x64.ActiveCfg = Debug|x64
		{EE8D7EB1-6342-40CF-A389-8821C2CBFDC9}.Debug|x64.Build.0 = Debug|x64
		{EE8D7EB1-6342-40CF-A389-8821C2CBFDC9}.Release|x64.ActiveCfg = Release|Any CPU
		{EE8D7EB1-6342-40CF-A389-8821C2CBFDC9}.Release|x64.Build.0 = Release|Any CPU
		{7F8E88B9-1FC2-4317-8E12-68171C99E45D}.Debug|x64.ActiveCfg = Debug|x64
		{7F8E88B9-1FC2-4317-8E12-68171C99E45D}.Debug|x64.Build.0 = Debug|x64
		{7F8E88B9-1FC2-4317-8E12-68171C99E45D}.Release|x64.ActiveCfg = Release|x64
		{7F8E88B9-1FC2-4317-8E12-68171C99E45D}.Release|x64.Build.0 = Release|x64
		{090F1780-2996-40E5-8A78-2D1F746FB131}.Debug|x64.ActiveCfg = Debug|x64
		{090F1780-2996-40E5-8A78-2D1F746FB131}.Debug|x64.Build.0 = Debug|x64
		{090F1780-2996-40E5-8A78-2D1F746FB131}.Release|x64.ActiveCfg = Release|Any CPU
		{090F1780-2996-40E5-8A78-2D1F746FB131}.Release|x64.Build.0 = Release|Any CPU
	EndGlobalSection
	GlobalSection(SolutionProperties) = preSolution
		HideSolutionNode = FALSE
	EndGlobalSection
	GlobalSection(ExtensibilityGlobals) = postSolution
		SolutionGuid = {8BCA3525-5AAC-4AAF-84E7-5BBC5EFB16B0}
	EndGlobalSection
EndGlobal
